
Microsoft Visual Studio Solution File, Format Version 12.00
# Visual Studio Version 16
VisualStudioVersion = 16.0.30104.148
MinimumVisualStudioVersion = 10.0.40219.1
Project("{FAE04EC0-301F-11D3-BF4B-00C04F79EFBC}") = "SQL Editor Test", "SQL Editor Test.csproj", "{521DA5A8-15E5-4A83-BB6C-6B289FF8B2F8}"
EndProject
Global
	GlobalSection(SolutionConfigurationPlatforms) = preSolution
		Debug|Any CPU = Debug|Any CPU
		Release|Any CPU = Release|Any CPU
	EndGlobalSection
	GlobalSection(ProjectConfigurationPlatforms) = postSolution
		{521DA5A8-15E5-4A83-BB6C-6B289FF8B2F8}.Debug|Any CPU.ActiveCfg = Debug|Any CPU
		{521DA5A8-15E5-4A83-BB6C-6B289FF8B2F8}.Debug|Any CPU.Build.0 = Debug|Any CPU
		{521DA5A8-15E5-4A83-BB6C-6B289FF8B2F8}.Release|Any CPU.ActiveCfg = Release|Any CPU
		{521DA5A8-15E5-4A83-BB6C-6B289FF8B2F8}.Release|Any CPU.Build.0 = Release|Any CPU
	EndGlobalSection
	GlobalSection(SolutionProperties) = preSolution
		HideSolutionNode = FALSE
	EndGlobalSection
	GlobalSection(ExtensibilityGlobals) = postSolution
		SolutionGuid = {653D64B2-555E-42DD-BB9F-688662475604}
	EndGlobalSection
EndGlobal
